
Microsoft Visual Studio Solution File, Format Version 12.00
# Visual Studio Version 17
VisualStudioVersion = 17.11.35312.102
MinimumVisualStudioVersion = 10.0.40219.1
Project("{FAE04EC0-301F-11D3-BF4B-00C04F79EFBC}") = "PP02", "PP02\PP02.csproj", "{A90F9AFE-E128-422F-B5E2-B0990323E48A}"
EndProject
Global
	GlobalSection(SolutionConfigurationPlatforms) = preSolution
		Debug|Any CPU = Debug|Any CPU
		Release|Any CPU = Release|Any CPU
	EndGlobalSection
	GlobalSection(ProjectConfigurationPlatforms) = postSolution
		{A90F9AFE-E128-422F-B5E2-B0990323E48A}.Debug|Any CPU.ActiveCfg = Debug|Any CPU
		{A90F9AFE-E128-422F-B5E2-B0990323E48A}.Debug|Any CPU.Build.0 = Debug|Any CPU
		{A90F9AFE-E128-422F-B5E2-B0990323E48A}.Release|Any CPU.ActiveCfg = Release|Any CPU
		{A90F9AFE-E128-422F-B5E2-B0990323E48A}.Release|Any CPU.Build.0 = Release|Any CPU
	EndGlobalSection
	GlobalSection(SolutionProperties) = preSolution
		HideSolutionNode = FALSE
	EndGlobalSection
	GlobalSection(ExtensibilityGlobals) = postSolution
		SolutionGuid = {3B7E2306-32C8-4BCD-BA7B-024633561E26}
	EndGlobalSection
EndGlobal
